
Microsoft Visual Studio Solution File, Format Version 12.00
# Visual Studio 15
VisualStudioVersion = 15.0.28307.271
MinimumVisualStudioVersion = 10.0.40219.1
Project("{FAE04EC0-301F-11D3-BF4B-00C04F79EFBC}") = "Zadatak", "Zadatak\Zadatak.csproj", "{4B37D1D9-C9EF-44B1-9679-5EF66B400058}"
EndProject
Global
	GlobalSection(SolutionConfigurationPlatforms) = preSolution
		Debug|Any CPU = Debug|Any CPU
		Release|Any CPU = Release|Any CPU
	EndGlobalSection
	GlobalSection(ProjectConfigurationPlatforms) = postSolution
		{4B37D1D9-C9EF-44B1-9679-5EF66B400058}.Debug|Any CPU.ActiveCfg = Debug|Any CPU
		{4B37D1D9-C9EF-44B1-9679-5EF66B400058}.Debug|Any CPU.Build.0 = Debug|Any CPU
		{4B37D1D9-C9EF-44B1-9679-5EF66B400058}.Release|Any CPU.ActiveCfg = Release|Any CPU
		{4B37D1D9-C9EF-44B1-9679-5EF66B400058}.Release|Any CPU.Build.0 = Release|Any CPU
	EndGlobalSection
	GlobalSection(SolutionProperties) = preSolution
		HideSolutionNode = FALSE
	EndGlobalSection
	GlobalSection(ExtensibilityGlobals) = postSolution
		SolutionGuid = {80448B94-7DBE-4B26-987F-C78CE71187A4}
	EndGlobalSection
EndGlobal
